
Microsoft Visual Studio Solution File, Format Version 12.00
# Visual Studio 14
VisualStudioVersion = 14.0.23020.0
MinimumVisualStudioVersion = 10.0.40219.1
Project("{FAE04EC0-301F-11D3-BF4B-00C04F79EFBC}") = "Package", "Package.csproj", "{FB8E9FB5-2895-403C-B43D-1CAEAA26C1D7}"
EndProject
Project("{FAE04EC0-301F-11D3-BF4B-00C04F79EFBC}") = "CreateUnitTest.XUnit", "..\CreateUnitTest.XUnit\CreateUnitTest.XUnit.csproj", "{B2D78D14-44DB-495C-9EB7-147F2D020255}"
EndProject
Project("{FAE04EC0-301F-11D3-BF4B-00C04F79EFBC}") = "IntelliTest.XUnit", "..\IntelliTest.XUnit\IntelliTest.XUnit.csproj", "{9A55063A-BC7F-49C8-B83A-85EAD42BD6A1}"
EndProject
Global
	GlobalSection(SolutionConfigurationPlatforms) = preSolution
		Debug|Any CPU = Debug|Any CPU
		Release|Any CPU = Release|Any CPU
	EndGlobalSection
	GlobalSection(ProjectConfigurationPlatforms) = postSolution
		{FB8E9FB5-2895-403C-B43D-1CAEAA26C1D7}.Debug|Any CPU.ActiveCfg = Debug|Any CPU
		{FB8E9FB5-2895-403C-B43D-1CAEAA26C1D7}.Debug|Any CPU.Build.0 = Debug|Any CPU
		{FB8E9FB5-2895-403C-B43D-1CAEAA26C1D7}.Release|Any CPU.ActiveCfg = Release|Any CPU
		{FB8E9FB5-2895-403C-B43D-1CAEAA26C1D7}.Release|Any CPU.Build.0 = Release|Any CPU
		{B2D78D14-44DB-495C-9EB7-147F2D020255}.Debug|Any CPU.ActiveCfg = Debug|Any CPU
		{B2D78D14-44DB-495C-9EB7-147F2D020255}.Debug|Any CPU.Build.0 = Debug|Any CPU
		{B2D78D14-44DB-495C-9EB7-147F2D020255}.Release|Any CPU.ActiveCfg = Release|Any CPU
		{B2D78D14-44DB-495C-9EB7-147F2D020255}.Release|Any CPU.Build.0 = Release|Any CPU
		{9A55063A-BC7F-49C8-B83A-85EAD42BD6A1}.Debug|Any CPU.ActiveCfg = Debug|Any CPU
		{9A55063A-BC7F-49C8-B83A-85EAD42BD6A1}.Debug|Any CPU.Build.0 = Debug|Any CPU
		{9A55063A-BC7F-49C8-B83A-85EAD42BD6A1}.Release|Any CPU.ActiveCfg = Release|Any CPU
		{9A55063A-BC7F-49C8-B83A-85EAD42BD6A1}.Release|Any CPU.Build.0 = Release|Any CPU
	EndGlobalSection
	GlobalSection(SolutionProperties) = preSolution
		HideSolutionNode = FALSE
	EndGlobalSection
EndGlobal
